{
	"name": "gmdebug",
	"version": "0.0.1",
	"lockfileVersion": 1,
	"requires": true,
	"dependencies": {
		"bindings": {
			"version": "1.5.0",
			"resolved": "https://registry.npmjs.org/bindings/-/bindings-1.5.0.tgz",
			"integrity": "sha1-EDU8npRTNLwFEabZCzj7x8nFBN8=",
			"requires": {
				"file-uri-to-path": "1.0.0"
			}
		},
		"deasync": {
			"version": "0.1.20",
			"resolved": "https://registry.npmjs.org/deasync/-/deasync-0.1.20.tgz",
			"integrity": "sha1-VG/SZgaIoe7tVe3OIwjFz3EE+do=",
			"requires": {
				"bindings": "^1.5.0",
				"node-addon-api": "^1.7.1"
			}
		},
		"file-uri-to-path": {
			"version": "1.0.0",
			"resolved": "https://registry.npmjs.org/file-uri-to-path/-/file-uri-to-path-1.0.0.tgz",
			"integrity": "sha1-VTp7hEb/b2hDWcRF8eN6BdrMM90="
		},
		"ip": {
			"version": "1.1.5",
			"resolved": "https://registry.npmjs.org/ip/-/ip-1.1.5.tgz",
			"integrity": "sha1-vd7XARQpCCjAoDnnLvJfWq7ENUo="
		},
		"minimist": {
			"version": "1.2.5",
			"resolved": "https://registry.npmjs.org/minimist/-/minimist-1.2.5.tgz",
			"integrity": "sha1-Z9ZgFLZqaoqqDAg8X9WN9OTpdgI="
		},
		"mkdirp": {
			"version": "0.5.5",
			"resolved": "https://registry.npmjs.org/mkdirp/-/mkdirp-0.5.5.tgz",
			"integrity": "sha1-2Rzv1i0UNsoPQWIOJRKI1CAJne8=",
			"requires": {
				"minimist": "^1.2.5"
			}
		},
		"node-addon-api": {
			"version": "1.7.2",
			"resolved": "https://registry.npmjs.org/node-addon-api/-/node-addon-api-1.7.2.tgz",
			"integrity": "sha1-PfMLlXILU8JOWZSLSVMrZiRE9U0="
		},
		"vscode-debugadapter": {
			"version": "1.41.0",
			"resolved": "https://registry.npmjs.org/vscode-debugadapter/-/vscode-debugadapter-1.41.0.tgz",
			"integrity": "sha512-b+J8wmsa3NCxJ+L9DAMpRfPM+8bmp4gFBoFp9lhkpwqn3UMs3sYvdcwugQr/T4lDaCCEr807HKMppRsD1EHhPQ==",
			"requires": {
				"mkdirp": "^0.5.1",
				"vscode-debugprotocol": "1.41.0"
			}
		},
		"vscode-debugadapter-testsupport": {
			"version": "1.41.0",
			"resolved": "https://registry.npmjs.org/vscode-debugadapter-testsupport/-/vscode-debugadapter-testsupport-1.41.0.tgz",
			"integrity": "sha1-2ytsdD7wex9XgoFovcX3peUK4ho=",
			"requires": {
				"vscode-debugprotocol": "1.41.0"
			}
		},
		"vscode-debugprotocol": {
			"version": "1.41.0",
			"resolved": "https://registry.npmjs.org/vscode-debugprotocol/-/vscode-debugprotocol-1.41.0.tgz",
			"integrity": "sha512-Sxp7kDDuhpEZiDaIfhM0jLF3RtMqvc6CpoESANE77t351uezsd/oDoqALLcOnmmsDzTgQ3W0sCvM4gErnjDFpA=="
		}
	}
}
