{
	"name": "gmdebug",
	"version": "0.0.1",
	"lockfileVersion": 2,
	"requires": true,
	"packages": {
		"": {
			"name": "gmdebug",
			"version": "0.0.1",
			"dependencies": {
				"ip": "^1.1.5",
				"vscode-debugadapter": "^1.41.0",
				"vscode-debugprotocol": "^1.41.0"
			},
			"engines": {
				"vscode": "^1.34.0"
			}
		},
		"node_modules/ip": {
			"version": "1.1.5",
			"resolved": "https://registry.npmjs.org/ip/-/ip-1.1.5.tgz",
			"integrity": "sha1-vd7XARQpCCjAoDnnLvJfWq7ENUo="
		},
		"node_modules/minimist": {
			"version": "1.2.5",
			"resolved": "https://registry.npmjs.org/minimist/-/minimist-1.2.5.tgz",
			"integrity": "sha1-Z9ZgFLZqaoqqDAg8X9WN9OTpdgI="
		},
		"node_modules/mkdirp": {
			"version": "0.5.5",
			"resolved": "https://registry.npmjs.org/mkdirp/-/mkdirp-0.5.5.tgz",
			"integrity": "sha1-2Rzv1i0UNsoPQWIOJRKI1CAJne8=",
			"dependencies": {
				"minimist": "^1.2.5"
			},
			"bin": {
				"mkdirp": "bin/cmd.js"
			}
		},
		"node_modules/vscode-debugadapter": {
			"version": "1.41.0",
			"resolved": "https://registry.npmjs.org/vscode-debugadapter/-/vscode-debugadapter-1.41.0.tgz",
			"integrity": "sha512-b+J8wmsa3NCxJ+L9DAMpRfPM+8bmp4gFBoFp9lhkpwqn3UMs3sYvdcwugQr/T4lDaCCEr807HKMppRsD1EHhPQ==",
			"dependencies": {
				"mkdirp": "^0.5.1",
				"vscode-debugprotocol": "1.41.0"
			}
		},
		"node_modules/vscode-debugprotocol": {
			"version": "1.41.0",
			"resolved": "https://registry.npmjs.org/vscode-debugprotocol/-/vscode-debugprotocol-1.41.0.tgz",
			"integrity": "sha512-Sxp7kDDuhpEZiDaIfhM0jLF3RtMqvc6CpoESANE77t351uezsd/oDoqALLcOnmmsDzTgQ3W0sCvM4gErnjDFpA=="
		}
	},
	"dependencies": {
		"ip": {
			"version": "1.1.5",
			"resolved": "https://registry.npmjs.org/ip/-/ip-1.1.5.tgz",
			"integrity": "sha1-vd7XARQpCCjAoDnnLvJfWq7ENUo="
		},
		"minimist": {
			"version": "1.2.5",
			"resolved": "https://registry.npmjs.org/minimist/-/minimist-1.2.5.tgz",
			"integrity": "sha1-Z9ZgFLZqaoqqDAg8X9WN9OTpdgI="
		},
		"mkdirp": {
			"version": "0.5.5",
			"resolved": "https://registry.npmjs.org/mkdirp/-/mkdirp-0.5.5.tgz",
			"integrity": "sha1-2Rzv1i0UNsoPQWIOJRKI1CAJne8=",
			"requires": {
				"minimist": "^1.2.5"
			}
		},
		"vscode-debugadapter": {
			"version": "1.41.0",
			"resolved": "https://registry.npmjs.org/vscode-debugadapter/-/vscode-debugadapter-1.41.0.tgz",
			"integrity": "sha512-b+J8wmsa3NCxJ+L9DAMpRfPM+8bmp4gFBoFp9lhkpwqn3UMs3sYvdcwugQr/T4lDaCCEr807HKMppRsD1EHhPQ==",
			"requires": {
				"mkdirp": "^0.5.1",
				"vscode-debugprotocol": "1.41.0"
			}
		},
		"vscode-debugprotocol": {
			"version": "1.41.0",
			"resolved": "https://registry.npmjs.org/vscode-debugprotocol/-/vscode-debugprotocol-1.41.0.tgz",
			"integrity": "sha512-Sxp7kDDuhpEZiDaIfhM0jLF3RtMqvc6CpoESANE77t351uezsd/oDoqALLcOnmmsDzTgQ3W0sCvM4gErnjDFpA=="
		}
	}
}
